
Microsoft Visual Studio Solution File, Format Version 12.00
# Visual Studio 2013
VisualStudioVersion = 12.0.21005.1
MinimumVisualStudioVersion = 10.0.40219.1
Project("{FAE04EC0-301F-11D3-BF4B-00C04F79EFBC}") = "FluentQL.Core", "FluentQL.Core\FluentQL.Core.csproj", "{615CBC94-C244-4695-9ABB-15B5B7DE7751}"
EndProject
Project("{FAE04EC0-301F-11D3-BF4B-00C04F79EFBC}") = "FluentQL.CoreSQL", "FluentQL.CoreSQL\FluentQL.CoreSQL.csproj", "{3D4C88AE-6A4E-44B6-9146-D5CDEB3BF266}"
EndProject
Project("{FAE04EC0-301F-11D3-BF4B-00C04F79EFBC}") = "FluentQL.Firebird", "FluentQL.Firebird\FluentQL.Firebird.csproj", "{B1AA5871-7307-407E-9DA5-3741D6B9FC9B}"
EndProject
Project("{FAE04EC0-301F-11D3-BF4B-00C04F79EFBC}") = "FluentQL.Extensions", "FluentQL.Extensions\FluentQL.Extensions.csproj", "{C2386080-5159-4005-A63D-A4CBD751C25A}"
EndProject
Project("{FAE04EC0-301F-11D3-BF4B-00C04F79EFBC}") = "FluentQL.Firebird.Tests", "FluentQL.Firebird.Tests\FluentQL.Firebird.Tests.csproj", "{9A193D3D-DF2E-4F2E-AA12-71EB062FE61B}"
EndProject
Global
	GlobalSection(SolutionConfigurationPlatforms) = preSolution
		Debug|Any CPU = Debug|Any CPU
		Release|Any CPU = Release|Any CPU
	EndGlobalSection
	GlobalSection(ProjectConfigurationPlatforms) = postSolution
		{615CBC94-C244-4695-9ABB-15B5B7DE7751}.Debug|Any CPU.ActiveCfg = Debug|Any CPU
		{615CBC94-C244-4695-9ABB-15B5B7DE7751}.Debug|Any CPU.Build.0 = Debug|Any CPU
		{615CBC94-C244-4695-9ABB-15B5B7DE7751}.Release|Any CPU.ActiveCfg = Release|Any CPU
		{615CBC94-C244-4695-9ABB-15B5B7DE7751}.Release|Any CPU.Build.0 = Release|Any CPU
		{3D4C88AE-6A4E-44B6-9146-D5CDEB3BF266}.Debug|Any CPU.ActiveCfg = Debug|Any CPU
		{3D4C88AE-6A4E-44B6-9146-D5CDEB3BF266}.Debug|Any CPU.Build.0 = Debug|Any CPU
		{3D4C88AE-6A4E-44B6-9146-D5CDEB3BF266}.Release|Any CPU.ActiveCfg = Release|Any CPU
		{3D4C88AE-6A4E-44B6-9146-D5CDEB3BF266}.Release|Any CPU.Build.0 = Release|Any CPU
		{B1AA5871-7307-407E-9DA5-3741D6B9FC9B}.Debug|Any CPU.ActiveCfg = Debug|Any CPU
		{B1AA5871-7307-407E-9DA5-3741D6B9FC9B}.Debug|Any CPU.Build.0 = Debug|Any CPU
		{B1AA5871-7307-407E-9DA5-3741D6B9FC9B}.Release|Any CPU.ActiveCfg = Release|Any CPU
		{B1AA5871-7307-407E-9DA5-3741D6B9FC9B}.Release|Any CPU.Build.0 = Release|Any CPU
		{C2386080-5159-4005-A63D-A4CBD751C25A}.Debug|Any CPU.ActiveCfg = Debug|Any CPU
		{C2386080-5159-4005-A63D-A4CBD751C25A}.Debug|Any CPU.Build.0 = Debug|Any CPU
		{C2386080-5159-4005-A63D-A4CBD751C25A}.Release|Any CPU.ActiveCfg = Release|Any CPU
		{C2386080-5159-4005-A63D-A4CBD751C25A}.Release|Any CPU.Build.0 = Release|Any CPU
		{9A193D3D-DF2E-4F2E-AA12-71EB062FE61B}.Debug|Any CPU.ActiveCfg = Debug|Any CPU
		{9A193D3D-DF2E-4F2E-AA12-71EB062FE61B}.Debug|Any CPU.Build.0 = Debug|Any CPU
		{9A193D3D-DF2E-4F2E-AA12-71EB062FE61B}.Release|Any CPU.ActiveCfg = Release|Any CPU
		{9A193D3D-DF2E-4F2E-AA12-71EB062FE61B}.Release|Any CPU.Build.0 = Release|Any CPU
	EndGlobalSection
	GlobalSection(SolutionProperties) = preSolution
		HideSolutionNode = FALSE
	EndGlobalSection
EndGlobal
